{
  "name": "ica",
  "version": "0.1.0",
  "lockfileVersion": 1,
  "requires": true,
  "dependencies": {
    "requirejs": {
      "version": "2.3.6",
      "resolved": "https://registry.npmjs.org/requirejs/-/requirejs-2.3.6.tgz",
      "integrity": "sha512-ipEzlWQe6RK3jkzikgCupiTbTvm4S0/CAU5GlgptkN5SO6F3u0UD0K18wy6ErDqiCyP4J4YYe1HuAShvsxePLg=="
    },
    "sea-map": {
      "version": "github:SolidarityEconomyAssociation/sea-map#1ef7c1678f543739cbe0d0f5c15e6c0d5edaeab0",
      "from": "github:SolidarityEconomyAssociation/sea-map#semver:^0.1.45",
      "requires": {
        "requirejs": "^2.3.6"
      }
    }
  }
}
